dependencies:
- alias: ""
  condition: ""
  enabled: false
  import-values: null
  name: onedata-chart-utils
  repository: https://groundnuty.github.io/onedata-charts/
  tags: null
  version: 0.2.8
- alias: ""
  condition: ""
  enabled: false
  import-values: null
  name: onedata-1p
  repository: https://groundnuty.github.io/onedata-charts/
  tags: null
  version: 0.2.1
digest: sha256:8490bceca5613d487ddfe4df507becb54904130cd5d2c538845b99c4cacc79b4
generated: 2017-06-27T08:10:59.107926582+02:00
