dependencies:
- alias: ""
  condition: ""
  enabled: false
  import-values: null
  name: onezone
  repository: https://groundnuty.github.io/onedata-charts/
  tags: null
  version: 0.2.6
- alias: ""
  condition: ""
  enabled: false
  import-values: null
  name: oneprovider
  repository: https://groundnuty.github.io/onedata-charts/
  tags: null
  version: 0.2.5
digest: sha256:a9e1ca9b5709bb85ff1ec7c9cbdf35ce1670685cd77dc29afb0e6b2575c53c9d
generated: 2017-06-22T00:20:24.810549962+02:00
