dependencies:
- condition: ""
  enabled: false
  import-values: null
  name: onezone
  repository: file://../onezone
  tags: null
  version: 0.1.0
- condition: ""
  enabled: false
  import-values: null
  name: oneprovider
  repository: file://../oneprovider
  tags: null
  version: 0.1.0
- condition: ""
  enabled: false
  import-values: null
  name: oneprovider
  repository: file://../oneprovider
  tags: null
  version: 0.1.0
- condition: ""
  enabled: false
  import-values: null
  name: oneprovider
  repository: file://../oneprovider
  tags: null
  version: 0.1.0
- condition: ""
  enabled: false
  import-values: null
  name: onedata-chart-utils
  repository: file://../onedata-chart-utils
  tags: null
  version: 0.1.0
digest: sha256:a8f2e8045e03e910efc699292784fe60ad22b8bc200a2918d669842b8df936d8
generated: 2017-05-11T12:45:09.604080631+02:00
