dependencies:
- alias: ""
  condition: ""
  enabled: false
  import-values: null
  name: onezone
  repository: https://groundnuty.github.io/onedata-charts/
  tags: null
  version: 0.2.7
- alias: ""
  condition: ""
  enabled: false
  import-values: null
  name: oneprovider
  repository: https://groundnuty.github.io/onedata-charts/
  tags: null
  version: 0.2.6
- alias: ""
  condition: ""
  enabled: false
  import-values: null
  name: oneprovider
  repository: https://groundnuty.github.io/onedata-charts/
  tags: null
  version: 0.2.6
- alias: ""
  condition: ""
  enabled: false
  import-values: null
  name: oneprovider
  repository: https://groundnuty.github.io/onedata-charts/
  tags: null
  version: 0.2.6
digest: sha256:7cdc0f1d80312f338436ceccb85e0a7be79470dafec8898ffcd9db9b868f46be
generated: 2017-06-27T08:10:25.517825546+02:00
