dependencies:
- condition: ""
  enabled: false
  import-values: null
  name: onedata-chart-utils
  repository: https://groundnuty.github.io/onedata-charts/
  tags: null
  version: 0.2.2
digest: sha256:eba7ab0c334fedebbc3e2a1d3fda8f82177576419798b81a54350d4a562d8d12
generated: 2017-05-21T13:19:44.800286015+02:00
