dependencies:
- condition: ""
  enabled: false
  import-values: null
  name: onedata-chart-utils
  repository: https://groundnuty.github.io/onedata-charts/
  tags: null
  version: 0.2.1
digest: sha256:11613b1c5f97e902614bad084960c52a56fb2f2cd4de76e6dbbaf8fa07a98a64
generated: 2017-05-18T10:50:49.429909561+02:00
