dependencies:
- alias: ""
  condition: ""
  enabled: false
  import-values: null
  name: onezone
  repository: https://groundnuty.github.io/onedata-charts/
  tags: null
  version: 0.2.7
- alias: ""
  condition: ""
  enabled: false
  import-values: null
  name: oneprovider
  repository: https://groundnuty.github.io/onedata-charts/
  tags: null
  version: 0.2.6
digest: sha256:6295a73a7a58665f775bff0ea726a419ca3bce5598a345baaf8491c185543b19
generated: 2017-06-27T08:10:41.808966051+02:00
