dependencies:
- condition: ""
  enabled: false
  import-values: null
  name: onedata-chart-utils
  repository: https://groundnuty.github.io/onedata-charts/
  tags: null
  version: 0.2.4
digest: sha256:05a5307ceddb457e520068346601a7edcb2444729c9057d26aa369038c40ee3c
generated: 2017-05-24T18:33:59.55112027+02:00
