dependencies:
- condition: ""
  enabled: false
  import-values: null
  name: onedata-chart-utils
  repository: https://groundnuty.github.io/onedata-charts/
  tags: null
  version: 0.2.5
digest: sha256:33093119502c584b725bccfbd873b698fbd695c6edcc3241bd9e8f3cac347cf0
generated: 2017-05-26T03:50:55.673214871+02:00
