dependencies:
- alias: ""
  condition: ""
  enabled: false
  import-values: null
  name: onedata-chart-utils
  repository: https://groundnuty.github.io/onedata-charts/
  tags: null
  version: 0.2.8
digest: sha256:027e3d41eba2f642e5658dbabe6920afe42f67364dddae450afee45edf7e87e1
generated: 2017-06-27T08:07:50.966212052+02:00
