dependencies:
- condition: ""
  enabled: false
  import-values: null
  name: oneclient
  repository: https://groundnuty.github.io/onedata-charts/
  tags: null
  version: 0.2.1
- condition: ""
  enabled: false
  import-values: null
  name: onedata-cli
  repository: https://groundnuty.github.io/onedata-charts/
  tags: null
  version: 0.2.1
- condition: ""
  enabled: false
  import-values: null
  name: onedata-chart-utils
  repository: https://groundnuty.github.io/onedata-charts/
  tags: null
  version: 0.2.3
digest: sha256:4cf533accb531df60574a20e7740c800af552e5e5cf0f97da978cd9963a56708
generated: 2017-05-21T21:45:36.217280805+02:00
