dependencies:
- condition: ""
  enabled: false
  name: volume-nfs
  repository: file://volume-nfs
  tags: null
  version: 0.1.0
- condition: ""
  enabled: false
  name: volume-s3
  repository: file://volume-s3
  tags: null
  version: 0.1.0
- condition: ""
  enabled: false
  name: volume-ceph
  repository: file://volume-ceph
  tags: null
  version: 0.1.0
- condition: ""
  enabled: false
  name: onedata-chart-utils
  repository: file://onedata-chart-utils
  tags: null
  version: 0.1.0
digest: sha256:b524ae8fac051788767e3f12777e924d2776e268f315e16048dc38e2c59f34d9
generated: 2017-03-16T22:53:02.673100272+01:00
